
Microsoft Visual Studio Solution File, Format Version 12.00
# Visual Studio Version 16
VisualStudioVersion = 16.0.32002.261
MinimumVisualStudioVersion = 10.0.40219.1
Project("{8BC9CEB8-8B4A-11D0-8D11-00A0C91BC942}") = "AbsoluteDifference", "AbsoluteDifference\AbsoluteDifference.vcxproj", "{7893A97F-DA0F-4853-9F47-09461A3AF8D5}"
EndProject
Project("{8BC9CEB8-8B4A-11D0-8D11-00A0C91BC942}") = "CelsiusToFahrenheit", "CelsiusToFahrenheit\CelsiusToFahrenheit.vcxproj", "{F16B8D07-2986-4231-92F8-D016DFCEF6D8}"
EndProject
Project("{8BC9CEB8-8B4A-11D0-8D11-00A0C91BC942}") = "EvenOrOdd", "EvenOrOdd\EvenOrOdd.vcxproj", "{2989AF29-A49B-42B2-9AA2-5D00B38EC402}"
EndProject
Project("{8BC9CEB8-8B4A-11D0-8D11-00A0C91BC942}") = "LastDigitOfANumber", "LastDigitOfANumber\LastDigitOfANumber.vcxproj", "{B975ADDA-6141-43AF-A8FC-84E3A0A40DF1}"
EndProject
Project("{8BC9CEB8-8B4A-11D0-8D11-00A0C91BC942}") = "Swap", "Swap\Swap.vcxproj", "{C3A82E28-7A79-447B-8CD4-013AE3A9C18E}"
EndProject
Project("{8BC9CEB8-8B4A-11D0-8D11-00A0C91BC942}") = "GuessingGame", "GuessingGame\GuessingGame.vcxproj", "{D93A0FC4-DAB0-4F17-8DED-6B3DE3BDDA02}"
EndProject
Project("{8BC9CEB8-8B4A-11D0-8D11-00A0C91BC942}") = "ArithmeticProgression", "ArithmeticProgression\ArithmeticProgression.vcxproj", "{2A9830D9-FBDB-43D7-89CB-FC4D73D7E88C}"
EndProject
Project("{8BC9CEB8-8B4A-11D0-8D11-00A0C91BC942}") = "ReverseCollection", "ReverseCollection\ReverseCollection.vcxproj", "{60E8786F-F45B-4D5D-8513-2FF95DC6A142}"
EndProject
Project("{8BC9CEB8-8B4A-11D0-8D11-00A0C91BC942}") = "LinearSearch", "LinearSearch\LinearSearch.vcxproj", "{B255EBCD-22C1-4ABB-B094-52F3666A4012}"
EndProject
Project("{8BC9CEB8-8B4A-11D0-8D11-00A0C91BC942}") = "Palindrome", "Palindrome\Palindrome.vcxproj", "{595BFC0C-941C-44D4-B3F8-0BC0792F169D}"
EndProject
Project("{8BC9CEB8-8B4A-11D0-8D11-00A0C91BC942}") = "NthBitOfANumber", "NthBitOfANumber\NthBitOfANumber.vcxproj", "{3D6E7628-88CB-4C9E-BDC4-7C321FC299EA}"
EndProject
Project("{8BC9CEB8-8B4A-11D0-8D11-00A0C91BC942}") = "SwapBitwise", "SwapBitwise\SwapBitwise.vcxproj", "{FEF80918-02C6-4C94-BC32-D360A6FAC088}"
EndProject
Project("{8BC9CEB8-8B4A-11D0-8D11-00A0C91BC942}") = "MinMaxSumAverage", "MinMaxSumAverage\MinMaxSumAverage.vcxproj", "{C08F3010-3780-4835-BDC8-C47ECD0154D4}"
EndProject
Project("{8BC9CEB8-8B4A-11D0-8D11-00A0C91BC942}") = "ConstructorOrderOfInheritance", "ConstructorOrderOfInheritance\ConstructorOrderOfInheritance.vcxproj", "{F56F5CFA-5936-4111-8CCD-4CF26EC8633B}"
EndProject
Project("{8BC9CEB8-8B4A-11D0-8D11-00A0C91BC942}") = "SwapBitwiseIntermediate", "SwapBitwiseIntermediate\SwapBitwiseIntermediate.vcxproj", "{ECCB1131-8D22-41E1-A8B6-19CC022F9147}"
EndProject
Project("{8BC9CEB8-8B4A-11D0-8D11-00A0C91BC942}") = "OccurencesOfCharactersInAString", "OccurencesOfCharactersInAString\OccurencesOfCharactersInAString.vcxproj", "{B927752E-3EB8-406F-8E4D-E709409769C6}"
EndProject
Project("{8BC9CEB8-8B4A-11D0-8D11-00A0C91BC942}") = "FibonacciNumbers", "FibonacciNumbers\FibonacciNumbers.vcxproj", "{2C95BF13-4477-4998-B080-0E01349BBB38}"
EndProject
Project("{8BC9CEB8-8B4A-11D0-8D11-00A0C91BC942}") = "LuckyNumber", "LuckyNumber\LuckyNumber.vcxproj", "{8150FD84-F4C2-4387-9B20-926F0AB73BDD}"
EndProject
Project("{8BC9CEB8-8B4A-11D0-8D11-00A0C91BC942}") = "LinearSearchWord", "LinearSearchWord\LinearSearchWord.vcxproj", "{D2E75D15-A232-401E-8CC4-2D68FC948CBE}"
EndProject
Project("{8BC9CEB8-8B4A-11D0-8D11-00A0C91BC942}") = "ContainsNumber", "ContainsNumber\ContainsNumber.vcxproj", "{8B48523D-8B81-4CAC-A84B-87ED41D51AC2}"
EndProject
Project("{8BC9CEB8-8B4A-11D0-8D11-00A0C91BC942}") = "Permutations", "Permutations\Permutations.vcxproj", "{7D98AD0C-18EB-4AB5-A9E3-8C80D881A1F0}"
EndProject
Project("{8BC9CEB8-8B4A-11D0-8D11-00A0C91BC942}") = "FindLargestValueTemplate", "FindLargestValueTemplate\FindLargestValueTemplate.vcxproj", "{83B34284-E735-4B23-827E-931E1F0AD53E}"
EndProject
Project("{8BC9CEB8-8B4A-11D0-8D11-00A0C91BC942}") = "SwapWithTemplates", "SwapWithTemplates\SwapWithTemplates.vcxproj", "{0E0E2192-71C7-4CAD-ACAC-691064F12C52}"
EndProject
Global
	GlobalSection(SolutionConfigurationPlatforms) = preSolution
		Debug|x64 = Debug|x64
		Debug|x86 = Debug|x86
		Release|x64 = Release|x64
		Release|x86 = Release|x86
	EndGlobalSection
	GlobalSection(ProjectConfigurationPlatforms) = postSolution
		{7893A97F-DA0F-4853-9F47-09461A3AF8D5}.Debug|x64.ActiveCfg = Debug|x64
		{7893A97F-DA0F-4853-9F47-09461A3AF8D5}.Debug|x64.Build.0 = Debug|x64
		{7893A97F-DA0F-4853-9F47-09461A3AF8D5}.Debug|x86.ActiveCfg = Debug|Win32
		{7893A97F-DA0F-4853-9F47-09461A3AF8D5}.Debug|x86.Build.0 = Debug|Win32
		{7893A97F-DA0F-4853-9F47-09461A3AF8D5}.Release|x64.ActiveCfg = Release|x64
		{7893A97F-DA0F-4853-9F47-09461A3AF8D5}.Release|x64.Build.0 = Release|x64
		{7893A97F-DA0F-4853-9F47-09461A3AF8D5}.Release|x86.ActiveCfg = Release|Win32
		{7893A97F-DA0F-4853-9F47-09461A3AF8D5}.Release|x86.Build.0 = Release|Win32
		{F16B8D07-2986-4231-92F8-D016DFCEF6D8}.Debug|x64.ActiveCfg = Debug|x64
		{F16B8D07-2986-4231-92F8-D016DFCEF6D8}.Debug|x64.Build.0 = Debug|x64
		{F16B8D07-2986-4231-92F8-D016DFCEF6D8}.Debug|x86.ActiveCfg = Debug|Win32
		{F16B8D07-2986-4231-92F8-D016DFCEF6D8}.Debug|x86.Build.0 = Debug|Win32
		{F16B8D07-2986-4231-92F8-D016DFCEF6D8}.Release|x64.ActiveCfg = Release|x64
		{F16B8D07-2986-4231-92F8-D016DFCEF6D8}.Release|x64.Build.0 = Release|x64
		{F16B8D07-2986-4231-92F8-D016DFCEF6D8}.Release|x86.ActiveCfg = Release|Win32
		{F16B8D07-2986-4231-92F8-D016DFCEF6D8}.Release|x86.Build.0 = Release|Win32
		{2989AF29-A49B-42B2-9AA2-5D00B38EC402}.Debug|x64.ActiveCfg = Debug|x64
		{2989AF29-A49B-42B2-9AA2-5D00B38EC402}.Debug|x64.Build.0 = Debug|x64
		{2989AF29-A49B-42B2-9AA2-5D00B38EC402}.Debug|x86.ActiveCfg = Debug|Win32
		{2989AF29-A49B-42B2-9AA2-5D00B38EC402}.Debug|x86.Build.0 = Debug|Win32
		{2989AF29-A49B-42B2-9AA2-5D00B38EC402}.Release|x64.ActiveCfg = Release|x64
		{2989AF29-A49B-42B2-9AA2-5D00B38EC402}.Release|x64.Build.0 = Release|x64
		{2989AF29-A49B-42B2-9AA2-5D00B38EC402}.Release|x86.ActiveCfg = Release|Win32
		{2989AF29-A49B-42B2-9AA2-5D00B38EC402}.Release|x86.Build.0 = Release|Win32
		{B975ADDA-6141-43AF-A8FC-84E3A0A40DF1}.Debug|x64.ActiveCfg = Debug|x64
		{B975ADDA-6141-43AF-A8FC-84E3A0A40DF1}.Debug|x64.Build.0 = Debug|x64
		{B975ADDA-6141-43AF-A8FC-84E3A0A40DF1}.Debug|x86.ActiveCfg = Debug|Win32
		{B975ADDA-6141-43AF-A8FC-84E3A0A40DF1}.Debug|x86.Build.0 = Debug|Win32
		{B975ADDA-6141-43AF-A8FC-84E3A0A40DF1}.Release|x64.ActiveCfg = Release|x64
		{B975ADDA-6141-43AF-A8FC-84E3A0A40DF1}.Release|x64.Build.0 = Release|x64
		{B975ADDA-6141-43AF-A8FC-84E3A0A40DF1}.Release|x86.ActiveCfg = Release|Win32
		{B975ADDA-6141-43AF-A8FC-84E3A0A40DF1}.Release|x86.Build.0 = Release|Win32
		{C3A82E28-7A79-447B-8CD4-013AE3A9C18E}.Debug|x64.ActiveCfg = Debug|x64
		{C3A82E28-7A79-447B-8CD4-013AE3A9C18E}.Debug|x64.Build.0 = Debug|x64
		{C3A82E28-7A79-447B-8CD4-013AE3A9C18E}.Debug|x86.ActiveCfg = Debug|Win32
		{C3A82E28-7A79-447B-8CD4-013AE3A9C18E}.Debug|x86.Build.0 = Debug|Win32
		{C3A82E28-7A79-447B-8CD4-013AE3A9C18E}.Release|x64.ActiveCfg = Release|x64
		{C3A82E28-7A79-447B-8CD4-013AE3A9C18E}.Release|x64.Build.0 = Release|x64
		{C3A82E28-7A79-447B-8CD4-013AE3A9C18E}.Release|x86.ActiveCfg = Release|Win32
		{C3A82E28-7A79-447B-8CD4-013AE3A9C18E}.Release|x86.Build.0 = Release|Win32
		{D93A0FC4-DAB0-4F17-8DED-6B3DE3BDDA02}.Debug|x64.ActiveCfg = Debug|x64
		{D93A0FC4-DAB0-4F17-8DED-6B3DE3BDDA02}.Debug|x64.Build.0 = Debug|x64
		{D93A0FC4-DAB0-4F17-8DED-6B3DE3BDDA02}.Debug|x86.ActiveCfg = Debug|Win32
		{D93A0FC4-DAB0-4F17-8DED-6B3DE3BDDA02}.Debug|x86.Build.0 = Debug|Win32
		{D93A0FC4-DAB0-4F17-8DED-6B3DE3BDDA02}.Release|x64.ActiveCfg = Release|x64
		{D93A0FC4-DAB0-4F17-8DED-6B3DE3BDDA02}.Release|x64.Build.0 = Release|x64
		{D93A0FC4-DAB0-4F17-8DED-6B3DE3BDDA02}.Release|x86.ActiveCfg = Release|Win32
		{D93A0FC4-DAB0-4F17-8DED-6B3DE3BDDA02}.Release|x86.Build.0 = Release|Win32
		{2A9830D9-FBDB-43D7-89CB-FC4D73D7E88C}.Debug|x64.ActiveCfg = Debug|x64
		{2A9830D9-FBDB-43D7-89CB-FC4D73D7E88C}.Debug|x64.Build.0 = Debug|x64
		{2A9830D9-FBDB-43D7-89CB-FC4D73D7E88C}.Debug|x86.ActiveCfg = Debug|Win32
		{2A9830D9-FBDB-43D7-89CB-FC4D73D7E88C}.Debug|x86.Build.0 = Debug|Win32
		{2A9830D9-FBDB-43D7-89CB-FC4D73D7E88C}.Release|x64.ActiveCfg = Release|x64
		{2A9830D9-FBDB-43D7-89CB-FC4D73D7E88C}.Release|x64.Build.0 = Release|x64
		{2A9830D9-FBDB-43D7-89CB-FC4D73D7E88C}.Release|x86.ActiveCfg = Release|Win32
		{2A9830D9-FBDB-43D7-89CB-FC4D73D7E88C}.Release|x86.Build.0 = Release|Win32
		{60E8786F-F45B-4D5D-8513-2FF95DC6A142}.Debug|x64.ActiveCfg = Debug|x64
		{60E8786F-F45B-4D5D-8513-2FF95DC6A142}.Debug|x64.Build.0 = Debug|x64
		{60E8786F-F45B-4D5D-8513-2FF95DC6A142}.Debug|x86.ActiveCfg = Debug|Win32
		{60E8786F-F45B-4D5D-8513-2FF95DC6A142}.Debug|x86.Build.0 = Debug|Win32
		{60E8786F-F45B-4D5D-8513-2FF95DC6A142}.Release|x64.ActiveCfg = Release|x64
		{60E8786F-F45B-4D5D-8513-2FF95DC6A142}.Release|x64.Build.0 = Release|x64
		{60E8786F-F45B-4D5D-8513-2FF95DC6A142}.Release|x86.ActiveCfg = Release|Win32
		{60E8786F-F45B-4D5D-8513-2FF95DC6A142}.Release|x86.Build.0 = Release|Win32
		{B255EBCD-22C1-4ABB-B094-52F3666A4012}.Debug|x64.ActiveCfg = Debug|x64
		{B255EBCD-22C1-4ABB-B094-52F3666A4012}.Debug|x64.Build.0 = Debug|x64
		{B255EBCD-22C1-4ABB-B094-52F3666A4012}.Debug|x86.ActiveCfg = Debug|Win32
		{B255EBCD-22C1-4ABB-B094-52F3666A4012}.Debug|x86.Build.0 = Debug|Win32
		{B255EBCD-22C1-4ABB-B094-52F3666A4012}.Release|x64.ActiveCfg = Release|x64
		{B255EBCD-22C1-4ABB-B094-52F3666A4012}.Release|x64.Build.0 = Release|x64
		{B255EBCD-22C1-4ABB-B094-52F3666A4012}.Release|x86.ActiveCfg = Release|Win32
		{B255EBCD-22C1-4ABB-B094-52F3666A4012}.Release|x86.Build.0 = Release|Win32
		{595BFC0C-941C-44D4-B3F8-0BC0792F169D}.Debug|x64.ActiveCfg = Debug|x64
		{595BFC0C-941C-44D4-B3F8-0BC0792F169D}.Debug|x64.Build.0 = Debug|x64
		{595BFC0C-941C-44D4-B3F8-0BC0792F169D}.Debug|x86.ActiveCfg = Debug|Win32
		{595BFC0C-941C-44D4-B3F8-0BC0792F169D}.Debug|x86.Build.0 = Debug|Win32
		{595BFC0C-941C-44D4-B3F8-0BC0792F169D}.Release|x64.ActiveCfg = Release|x64
		{595BFC0C-941C-44D4-B3F8-0BC0792F169D}.Release|x64.Build.0 = Release|x64
		{595BFC0C-941C-44D4-B3F8-0BC0792F169D}.Release|x86.ActiveCfg = Release|Win32
		{595BFC0C-941C-44D4-B3F8-0BC0792F169D}.Release|x86.Build.0 = Release|Win32
		{3D6E7628-88CB-4C9E-BDC4-7C321FC299EA}.Debug|x64.ActiveCfg = Debug|x64
		{3D6E7628-88CB-4C9E-BDC4-7C321FC299EA}.Debug|x64.Build.0 = Debug|x64
		{3D6E7628-88CB-4C9E-BDC4-7C321FC299EA}.Debug|x86.ActiveCfg = Debug|Win32
		{3D6E7628-88CB-4C9E-BDC4-7C321FC299EA}.Debug|x86.Build.0 = Debug|Win32
		{3D6E7628-88CB-4C9E-BDC4-7C321FC299EA}.Release|x64.ActiveCfg = Release|x64
		{3D6E7628-88CB-4C9E-BDC4-7C321FC299EA}.Release|x64.Build.0 = Release|x64
		{3D6E7628-88CB-4C9E-BDC4-7C321FC299EA}.Release|x86.ActiveCfg = Release|Win32
		{3D6E7628-88CB-4C9E-BDC4-7C321FC299EA}.Release|x86.Build.0 = Release|Win32
		{FEF80918-02C6-4C94-BC32-D360A6FAC088}.Debug|x64.ActiveCfg = Debug|x64
		{FEF80918-02C6-4C94-BC32-D360A6FAC088}.Debug|x64.Build.0 = Debug|x64
		{FEF80918-02C6-4C94-BC32-D360A6FAC088}.Debug|x86.ActiveCfg = Debug|Win32
		{FEF80918-02C6-4C94-BC32-D360A6FAC088}.Debug|x86.Build.0 = Debug|Win32
		{FEF80918-02C6-4C94-BC32-D360A6FAC088}.Release|x64.ActiveCfg = Release|x64
		{FEF80918-02C6-4C94-BC32-D360A6FAC088}.Release|x64.Build.0 = Release|x64
		{FEF80918-02C6-4C94-BC32-D360A6FAC088}.Release|x86.ActiveCfg = Release|Win32
		{FEF80918-02C6-4C94-BC32-D360A6FAC088}.Release|x86.Build.0 = Release|Win32
		{C08F3010-3780-4835-BDC8-C47ECD0154D4}.Debug|x64.ActiveCfg = Debug|x64
		{C08F3010-3780-4835-BDC8-C47ECD0154D4}.Debug|x64.Build.0 = Debug|x64
		{C08F3010-3780-4835-BDC8-C47ECD0154D4}.Debug|x86.ActiveCfg = Debug|Win32
		{C08F3010-3780-4835-BDC8-C47ECD0154D4}.Debug|x86.Build.0 = Debug|Win32
		{C08F3010-3780-4835-BDC8-C47ECD0154D4}.Release|x64.ActiveCfg = Release|x64
		{C08F3010-3780-4835-BDC8-C47ECD0154D4}.Release|x64.Build.0 = Release|x64
		{C08F3010-3780-4835-BDC8-C47ECD0154D4}.Release|x86.ActiveCfg = Release|Win32
		{C08F3010-3780-4835-BDC8-C47ECD0154D4}.Release|x86.Build.0 = Release|Win32
		{F56F5CFA-5936-4111-8CCD-4CF26EC8633B}.Debug|x64.ActiveCfg = Debug|x64
		{F56F5CFA-5936-4111-8CCD-4CF26EC8633B}.Debug|x64.Build.0 = Debug|x64
		{F56F5CFA-5936-4111-8CCD-4CF26EC8633B}.Debug|x86.ActiveCfg = Debug|Win32
		{F56F5CFA-5936-4111-8CCD-4CF26EC8633B}.Debug|x86.Build.0 = Debug|Win32
		{F56F5CFA-5936-4111-8CCD-4CF26EC8633B}.Release|x64.ActiveCfg = Release|x64
		{F56F5CFA-5936-4111-8CCD-4CF26EC8633B}.Release|x64.Build.0 = Release|x64
		{F56F5CFA-5936-4111-8CCD-4CF26EC8633B}.Release|x86.ActiveCfg = Release|Win32
		{F56F5CFA-5936-4111-8CCD-4CF26EC8633B}.Release|x86.Build.0 = Release|Win32
		{ECCB1131-8D22-41E1-A8B6-19CC022F9147}.Debug|x64.ActiveCfg = Debug|x64
		{ECCB1131-8D22-41E1-A8B6-19CC022F9147}.Debug|x64.Build.0 = Debug|x64
		{ECCB1131-8D22-41E1-A8B6-19CC022F9147}.Debug|x86.ActiveCfg = Debug|Win32
		{ECCB1131-8D22-41E1-A8B6-19CC022F9147}.Debug|x86.Build.0 = Debug|Win32
		{ECCB1131-8D22-41E1-A8B6-19CC022F9147}.Release|x64.ActiveCfg = Release|x64
		{ECCB1131-8D22-41E1-A8B6-19CC022F9147}.Release|x64.Build.0 = Release|x64
		{ECCB1131-8D22-41E1-A8B6-19CC022F9147}.Release|x86.ActiveCfg = Release|Win32
		{ECCB1131-8D22-41E1-A8B6-19CC022F9147}.Release|x86.Build.0 = Release|Win32
		{B927752E-3EB8-406F-8E4D-E709409769C6}.Debug|x64.ActiveCfg = Debug|x64
		{B927752E-3EB8-406F-8E4D-E709409769C6}.Debug|x64.Build.0 = Debug|x64
		{B927752E-3EB8-406F-8E4D-E709409769C6}.Debug|x86.ActiveCfg = Debug|Win32
		{B927752E-3EB8-406F-8E4D-E709409769C6}.Debug|x86.Build.0 = Debug|Win32
		{B927752E-3EB8-406F-8E4D-E709409769C6}.Release|x64.ActiveCfg = Release|x64
		{B927752E-3EB8-406F-8E4D-E709409769C6}.Release|x64.Build.0 = Release|x64
		{B927752E-3EB8-406F-8E4D-E709409769C6}.Release|x86.ActiveCfg = Release|Win32
		{B927752E-3EB8-406F-8E4D-E709409769C6}.Release|x86.Build.0 = Release|Win32
		{2C95BF13-4477-4998-B080-0E01349BBB38}.Debug|x64.ActiveCfg = Debug|x64
		{2C95BF13-4477-4998-B080-0E01349BBB38}.Debug|x64.Build.0 = Debug|x64
		{2C95BF13-4477-4998-B080-0E01349BBB38}.Debug|x86.ActiveCfg = Debug|Win32
		{2C95BF13-4477-4998-B080-0E01349BBB38}.Debug|x86.Build.0 = Debug|Win32
		{2C95BF13-4477-4998-B080-0E01349BBB38}.Release|x64.ActiveCfg = Release|x64
		{2C95BF13-4477-4998-B080-0E01349BBB38}.Release|x64.Build.0 = Release|x64
		{2C95BF13-4477-4998-B080-0E01349BBB38}.Release|x86.ActiveCfg = Release|Win32
		{2C95BF13-4477-4998-B080-0E01349BBB38}.Release|x86.Build.0 = Release|Win32
		{8150FD84-F4C2-4387-9B20-926F0AB73BDD}.Debug|x64.ActiveCfg = Debug|x64
		{8150FD84-F4C2-4387-9B20-926F0AB73BDD}.Debug|x64.Build.0 = Debug|x64
		{8150FD84-F4C2-4387-9B20-926F0AB73BDD}.Debug|x86.ActiveCfg = Debug|Win32
		{8150FD84-F4C2-4387-9B20-926F0AB73BDD}.Debug|x86.Build.0 = Debug|Win32
		{8150FD84-F4C2-4387-9B20-926F0AB73BDD}.Release|x64.ActiveCfg = Release|x64
		{8150FD84-F4C2-4387-9B20-926F0AB73BDD}.Release|x64.Build.0 = Release|x64
		{8150FD84-F4C2-4387-9B20-926F0AB73BDD}.Release|x86.ActiveCfg = Release|Win32
		{8150FD84-F4C2-4387-9B20-926F0AB73BDD}.Release|x86.Build.0 = Release|Win32
		{D2E75D15-A232-401E-8CC4-2D68FC948CBE}.Debug|x64.ActiveCfg = Debug|x64
		{D2E75D15-A232-401E-8CC4-2D68FC948CBE}.Debug|x64.Build.0 = Debug|x64
		{D2E75D15-A232-401E-8CC4-2D68FC948CBE}.Debug|x86.ActiveCfg = Debug|Win32
		{D2E75D15-A232-401E-8CC4-2D68FC948CBE}.Debug|x86.Build.0 = Debug|Win32
		{D2E75D15-A232-401E-8CC4-2D68FC948CBE}.Release|x64.ActiveCfg = Release|x64
		{D2E75D15-A232-401E-8CC4-2D68FC948CBE}.Release|x64.Build.0 = Release|x64
		{D2E75D15-A232-401E-8CC4-2D68FC948CBE}.Release|x86.ActiveCfg = Release|Win32
		{D2E75D15-A232-401E-8CC4-2D68FC948CBE}.Release|x86.Build.0 = Release|Win32
		{8B48523D-8B81-4CAC-A84B-87ED41D51AC2}.Debug|x64.ActiveCfg = Debug|x64
		{8B48523D-8B81-4CAC-A84B-87ED41D51AC2}.Debug|x64.Build.0 = Debug|x64
		{8B48523D-8B81-4CAC-A84B-87ED41D51AC2}.Debug|x86.ActiveCfg = Debug|Win32
		{8B48523D-8B81-4CAC-A84B-87ED41D51AC2}.Debug|x86.Build.0 = Debug|Win32
		{8B48523D-8B81-4CAC-A84B-87ED41D51AC2}.Release|x64.ActiveCfg = Release|x64
		{8B48523D-8B81-4CAC-A84B-87ED41D51AC2}.Release|x64.Build.0 = Release|x64
		{8B48523D-8B81-4CAC-A84B-87ED41D51AC2}.Release|x86.ActiveCfg = Release|Win32
		{8B48523D-8B81-4CAC-A84B-87ED41D51AC2}.Release|x86.Build.0 = Release|Win32
		{7D98AD0C-18EB-4AB5-A9E3-8C80D881A1F0}.Debug|x64.ActiveCfg = Debug|x64
		{7D98AD0C-18EB-4AB5-A9E3-8C80D881A1F0}.Debug|x64.Build.0 = Debug|x64
		{7D98AD0C-18EB-4AB5-A9E3-8C80D881A1F0}.Debug|x86.ActiveCfg = Debug|Win32
		{7D98AD0C-18EB-4AB5-A9E3-8C80D881A1F0}.Debug|x86.Build.0 = Debug|Win32
		{7D98AD0C-18EB-4AB5-A9E3-8C80D881A1F0}.Release|x64.ActiveCfg = Release|x64
		{7D98AD0C-18EB-4AB5-A9E3-8C80D881A1F0}.Release|x64.Build.0 = Release|x64
		{7D98AD0C-18EB-4AB5-A9E3-8C80D881A1F0}.Release|x86.ActiveCfg = Release|Win32
		{7D98AD0C-18EB-4AB5-A9E3-8C80D881A1F0}.Release|x86.Build.0 = Release|Win32
		{83B34284-E735-4B23-827E-931E1F0AD53E}.Debug|x64.ActiveCfg = Debug|x64
		{83B34284-E735-4B23-827E-931E1F0AD53E}.Debug|x64.Build.0 = Debug|x64
		{83B34284-E735-4B23-827E-931E1F0AD53E}.Debug|x86.ActiveCfg = Debug|Win32
		{83B34284-E735-4B23-827E-931E1F0AD53E}.Debug|x86.Build.0 = Debug|Win32
		{83B34284-E735-4B23-827E-931E1F0AD53E}.Release|x64.ActiveCfg = Release|x64
		{83B34284-E735-4B23-827E-931E1F0AD53E}.Release|x64.Build.0 = Release|x64
		{83B34284-E735-4B23-827E-931E1F0AD53E}.Release|x86.ActiveCfg = Release|Win32
		{83B34284-E735-4B23-827E-931E1F0AD53E}.Release|x86.Build.0 = Release|Win32
		{0E0E2192-71C7-4CAD-ACAC-691064F12C52}.Debug|x64.ActiveCfg = Debug|x64
		{0E0E2192-71C7-4CAD-ACAC-691064F12C52}.Debug|x64.Build.0 = Debug|x64
		{0E0E2192-71C7-4CAD-ACAC-691064F12C52}.Debug|x86.ActiveCfg = Debug|Win32
		{0E0E2192-71C7-4CAD-ACAC-691064F12C52}.Debug|x86.Build.0 = Debug|Win32
		{0E0E2192-71C7-4CAD-ACAC-691064F12C52}.Release|x64.ActiveCfg = Release|x64
		{0E0E2192-71C7-4CAD-ACAC-691064F12C52}.Release|x64.Build.0 = Release|x64
		{0E0E2192-71C7-4CAD-ACAC-691064F12C52}.Release|x86.ActiveCfg = Release|Win32
		{0E0E2192-71C7-4CAD-ACAC-691064F12C52}.Release|x86.Build.0 = Release|Win32
	EndGlobalSection
	GlobalSection(SolutionProperties) = preSolution
		HideSolutionNode = FALSE
	EndGlobalSection
	GlobalSection(ExtensibilityGlobals) = postSolution
		SolutionGuid = {4CABFE0D-2AE5-49E5-AFD4-D3FD127BEC17}
	EndGlobalSection
EndGlobal
